
Microsoft Visual Studio Solution File, Format Version 12.00
# Visual Studio Version 16
VisualStudioVersion = 16.0.30309.148
MinimumVisualStudioVersion = 10.0.40219.1
Project("{FAE04EC0-301F-11D3-BF4B-00C04F79EFBC}") = "csdlr", "csdlr\csdlr.csproj", "{A20A47E6-8B40-4C3D-B61E-38E7CC0D4499}"
EndProject
Project("{FAE04EC0-301F-11D3-BF4B-00C04F79EFBC}") = "Dogs", "Dogs\Dogs.csproj", "{317672EF-6DC8-4139-97F8-029FF4EB10B3}"
EndProject
Global
	GlobalSection(SolutionConfigurationPlatforms) = preSolution
		Debug|Any CPU = Debug|Any CPU
		Release|Any CPU = Release|Any CPU
	EndGlobalSection
	GlobalSection(ProjectConfigurationPlatforms) = postSolution
		{A20A47E6-8B40-4C3D-B61E-38E7CC0D4499}.Debug|Any CPU.ActiveCfg = Debug|Any CPU
		{A20A47E6-8B40-4C3D-B61E-38E7CC0D4499}.Debug|Any CPU.Build.0 = Debug|Any CPU
		{A20A47E6-8B40-4C3D-B61E-38E7CC0D4499}.Release|Any CPU.ActiveCfg = Release|Any CPU
		{A20A47E6-8B40-4C3D-B61E-38E7CC0D4499}.Release|Any CPU.Build.0 = Release|Any CPU
		{317672EF-6DC8-4139-97F8-029FF4EB10B3}.Debug|Any CPU.ActiveCfg = Debug|Any CPU
		{317672EF-6DC8-4139-97F8-029FF4EB10B3}.Debug|Any CPU.Build.0 = Debug|Any CPU
		{317672EF-6DC8-4139-97F8-029FF4EB10B3}.Release|Any CPU.ActiveCfg = Release|Any CPU
		{317672EF-6DC8-4139-97F8-029FF4EB10B3}.Release|Any CPU.Build.0 = Release|Any CPU
	EndGlobalSection
	GlobalSection(SolutionProperties) = preSolution
		HideSolutionNode = FALSE
	EndGlobalSection
	GlobalSection(ExtensibilityGlobals) = postSolution
		SolutionGuid = {C2DC9003-7F66-400B-8856-63D5D9D874B0}
	EndGlobalSection
EndGlobal
